
Microsoft Visual Studio Solution File, Format Version 12.00
# Visual Studio Version 17
VisualStudioVersion = 17.11.35222.181
MinimumVisualStudioVersion = 10.0.40219.1
Project("{FAE04EC0-301F-11D3-BF4B-00C04F79EFBC}") = "DANATrip", "DANATrip\DANATrip.csproj", "{F1433B20-68DC-4D1E-84FC-3A02D7D4B42A}"
EndProject
Global
	GlobalSection(SolutionConfigurationPlatforms) = preSolution
		Debug|Any CPU = Debug|Any CPU
		Release|Any CPU = Release|Any CPU
	EndGlobalSection
	GlobalSection(ProjectConfigurationPlatforms) = postSolution
		{F1433B20-68DC-4D1E-84FC-3A02D7D4B42A}.Debug|Any CPU.ActiveCfg = Debug|Any CPU
		{F1433B20-68DC-4D1E-84FC-3A02D7D4B42A}.Debug|Any CPU.Build.0 = Debug|Any CPU
		{F1433B20-68DC-4D1E-84FC-3A02D7D4B42A}.Release|Any CPU.ActiveCfg = Release|Any CPU
		{F1433B20-68DC-4D1E-84FC-3A02D7D4B42A}.Release|Any CPU.Build.0 = Release|Any CPU
	EndGlobalSection
	GlobalSection(SolutionProperties) = preSolution
		HideSolutionNode = FALSE
	EndGlobalSection
	GlobalSection(ExtensibilityGlobals) = postSolution
		SolutionGuid = {17EBC561-20D8-44F3-893B-DFCF471D8500}
	EndGlobalSection
EndGlobal
